// !$*UTF8*$!
{
	archiveVersion = 1;
	classes = {
	};
	objectVersion = 77;
	objects = {

/* Begin PBXContainerItemProxy section */
		EE8D1DA52CD22F8300E96980 /* PBXContainerItemProxy */ = {
			isa = PBXContainerItemProxy;
			containerPortal = EE8D1D862CD22F8100E96980 /* Project object */;
			proxyType = 1;
			remoteGlobalIDString = EE8D1D8D2CD22F8100E96980;
			remoteInfo = "Project 10";
		};
		EE8D1DAF2CD22F8300E96980 /* PBXContainerItemProxy */ = {
			isa = PBXContainerItemProxy;
			containerPortal = EE8D1D862CD22F8100E96980 /* Project object */;
			proxyType = 1;
			remoteGlobalIDString = EE8D1D8D2CD22F8100E96980;
			remoteInfo = "Project 10";
		};
/* End PBXContainerItemProxy section */

/* Begin PBXFileReference section */
		EE8D1D8E2CD22F8100E96980 /* Project 10.app */ = {isa = PBXFileReference; explicitFileType = wrapper.application; includeInIndex = 0; path = "Project 10.app"; sourceTree = BUILT_PRODUCTS_DIR; };
		EE8D1DA42CD22F8300E96980 /* Project 10Tests.xctest */ = {isa = PBXFileReference; explicitFileType = wrapper.cfbundle; includeInIndex = 0; path = "Project 10Tests.xctest"; sourceTree = BUILT_PRODUCTS_DIR; };
		EE8D1DAE2CD22F8300E96980 /* Project 10UITests.xctest */ = {isa = PBXFileReference; explicitFileType = wrapper.cfbundle; includeInIndex = 0; path = "Project 10UITests.xctest"; sourceTree = BUILT_PRODUCTS_DIR; };
/* End PBXFileReference section */

/* Begin PBXFileSystemSynchronizedBuildFileExceptionSet section */
		EE8D1DB62CD22F8300E96980 /* Exceptions for "Project 10" folder in "Project 10" target */ = {
			isa = PBXFileSystemSynchronizedBuildFileExceptionSet;
			membershipExceptions = (
				Info.plist,
			);
			target = EE8D1D8D2CD22F8100E96980 /* Project 10 */;
		};
/* End PBXFileSystemSynchronizedBuildFileExceptionSet section */

/* Begin PBXFileSystemSynchronizedRootGroup section */
		EE8D1D902CD22F8100E96980 /* Project 10 */ = {
			isa = PBXFileSystemSynchronizedRootGroup;
			exceptions = (
				EE8D1DB62CD22F8300E96980 /* Exceptions for "Project 10" folder in "Project 10" target */,
			);
			path = "Project 10";
			sourceTree = "<group>";
		};
		EE8D1DA72CD22F8300E96980 /* Project 10Tests */ = {
			isa = PBXFileSystemSynchronizedRootGroup;
			path = "Project 10Tests";
			sourceTree = "<group>";
		};
		EE8D1DB12CD22F8300E96980 /* Project 10UITests */ = {
			isa = PBXFileSystemSynchronizedRootGroup;
			path = "Project 10UITests";
			sourceTree = "<group>";
		};
/* End PBXFileSystemSynchronizedRootGroup section */

/* Begin PBXFrameworksBuildPhase section */
		EE8D1D8B2CD22F8100E96980 /* Frameworks */ = {
			isa = PBXFrameworksBuildPhase;
			buildActionMask = 2147483647;
			files = (
			);
			runOnlyForDeploymentPostprocessing = 0;
		};
		EE8D1DA12CD22F8300E96980 /* Frameworks */ = {
			isa = PBXFrameworksBuildPhase;
			buildActionMask = 2147483647;
			files = (
			);
			runOnlyForDeploymentPostprocessing = 0;
		};
		EE8D1DAB2CD22F8300E96980 /* Frameworks */ = {
			isa = PBXFrameworksBuildPhase;
			buildActionMask = 2147483647;
			files = (
			);
			runOnlyForDeploymentPostprocessing = 0;
		};
/* End PBXFrameworksBuildPhase section */

/* Begin PBXGroup section */
		EE8D1D852CD22F8100E96980 = {
			isa = PBXGroup;
			children = (
				EE8D1D902CD22F8100E96980 /* Project 10 */,
				EE8D1DA72CD22F8300E96980 /* Project 10Tests */,
				EE8D1DB12CD22F8300E96980 /* Project 10UITests */,
				EE8D1D8F2CD22F8100E96980 /* Products */,
			);
			sourceTree = "<group>";
		};
		EE8D1D8F2CD22F8100E96980 /* Products */ = {
			isa = PBXGroup;
			children = (
				EE8D1D8E2CD22F8100E96980 /* Project 10.app */,
				EE8D1DA42CD22F8300E96980 /* Project 10Tests.xctest */,
				EE8D1DAE2CD22F8300E96980 /* Project 10UITests.xctest */,
			);
			name = Products;
			sourceTree = "<group>";
		};
/* End PBXGroup section */

/* Begin PBXNativeTarget section */
		EE8D1D8D2CD22F8100E96980 /* Project 10 */ = {
			isa = PBXNativeTarget;
			buildConfigurationList = EE8D1DB72CD22F8300E96980 /* Build configuration list for PBXNativeTarget "Project 10" */;
			buildPhases = (
				EE8D1D8A2CD22F8100E96980 /* Sources */,
				EE8D1D8B2CD22F8100E96980 /* Frameworks */,
				EE8D1D8C2CD22F8100E96980 /* Resources */,
			);
			buildRules = (
			);
			dependencies = (
			);
			fileSystemSynchronizedGroups = (
				EE8D1D902CD22F8100E96980 /* Project 10 */,
			);
			name = "Project 10";
			packageProductDependencies = (
			);
			productName = "Project 10";
			productReference = EE8D1D8E2CD22F8100E96980 /* Project 10.app */;
			productType = "com.apple.product-type.application";
		};
		EE8D1DA32CD22F8300E96980 /* Project 10Tests */ = {
			isa = PBXNativeTarget;
			buildConfigurationList = EE8D1DBC2CD22F8300E96980 /* Build configuration list for PBXNativeTarget "Project 10Tests" */;
			buildPhases = (
				EE8D1DA02CD22F8300E96980 /* Sources */,
				EE8D1DA12CD22F8300E96980 /* Frameworks */,
				EE8D1DA22CD22F8300E96980 /* Resources */,
			);
			buildRules = (
			);
			dependencies = (
				EE8D1DA62CD22F8300E96980 /* PBXTargetDependency */,
			);
			fileSystemSynchronizedGroups = (
				EE8D1DA72CD22F8300E96980 /* Project 10Tests */,
			);
			name = "Project 10Tests";
			packageProductDependencies = (
			);
			productName = "Project 10Tests";
			productReference = EE8D1DA42CD22F8300E96980 /* Project 10Tests.xctest */;
			productType = "com.apple.product-type.bundle.unit-test";
		};
		EE8D1DAD2CD22F8300E96980 /* Project 10UITests */ = {
			isa = PBXNativeTarget;
			buildConfigurationList = EE8D1DBF2CD22F8300E96980 /* Build configuration list for PBXNativeTarget "Project 10UITests" */;
			buildPhases = (
				EE8D1DAA2CD22F8300E96980 /* Sources */,
				EE8D1DAB2CD22F8300E96980 /* Frameworks */,
				EE8D1DAC2CD22F8300E96980 /* Resources */,
			);
			buildRules = (
			);
			dependencies = (
				EE8D1DB02CD22F8300E96980 /* PBXTargetDependency */,
			);
			fileSystemSynchronizedGroups = (
				EE8D1DB12CD22F8300E96980 /* Project 10UITests */,
			);
			name = "Project 10UITests";
			packageProductDependencies = (
			);
			productName = "Project 10UITests";
			productReference = EE8D1DAE2CD22F8300E96980 /* Project 10UITests.xctest */;
			productType = "com.apple.product-type.bundle.ui-testing";
		};
/* End PBXNativeTarget section */

/* Begin PBXProject section */
		EE8D1D862CD22F8100E96980 /* Project object */ = {
			isa = PBXProject;
			attributes = {
				BuildIndependentTargetsInParallel = 1;
				LastSwiftUpdateCheck = 1610;
				LastUpgradeCheck = 1610;
				TargetAttributes = {
					EE8D1D8D2CD22F8100E96980 = {
						CreatedOnToolsVersion = 16.1;
					};
					EE8D1DA32CD22F8300E96980 = {
						CreatedOnToolsVersion = 16.1;
						TestTargetID = EE8D1D8D2CD22F8100E96980;
					};
					EE8D1DAD2CD22F8300E96980 = {
						CreatedOnToolsVersion = 16.1;
						TestTargetID = EE8D1D8D2CD22F8100E96980;
					};
				};
			};
			buildConfigurationList = EE8D1D892CD22F8100E96980 /* Build configuration list for PBXProject "Project 10" */;
			developmentRegion = en;
			hasScannedForEncodings = 0;
			knownRegions = (
				en,
				Base,
			);
			mainGroup = EE8D1D852CD22F8100E96980;
			minimizedProjectReferenceProxies = 1;
			preferredProjectObjectVersion = 77;
			productRefGroup = EE8D1D8F2CD22F8100E96980 /* Products */;
			projectDirPath = "";
			projectRoot = "";
			targets = (
				EE8D1D8D2CD22F8100E96980 /* Project 10 */,
				EE8D1DA32CD22F8300E96980 /* Project 10Tests */,
				EE8D1DAD2CD22F8300E96980 /* Project 10UITests */,
			);
		};
/* End PBXProject section */

/* Begin PBXResourcesBuildPhase section */
		EE8D1D8C2CD22F8100E96980 /* Resources */ = {
			isa = PBXResourcesBuildPhase;
			buildActionMask = 2147483647;
			files = (
			);
			runOnlyForDeploymentPostprocessing = 0;
		};
		EE8D1DA22CD22F8300E96980 /* Resources */ = {
			isa = PBXResourcesBuildPhase;
			buildActionMask = 2147483647;
			files = (
			);
			runOnlyForDeploymentPostprocessing = 0;
		};
		EE8D1DAC2CD22F8300E96980 /* Resources */ = {
			isa = PBXResourcesBuildPhase;
			buildActionMask = 2147483647;
			files = (
			);
			runOnlyForDeploymentPostprocessing = 0;
		};
/* End PBXResourcesBuildPhase section */

/* Begin PBXSourcesBuildPhase section */
		EE8D1D8A2CD22F8100E96980 /* Sources */ = {
			isa = PBXSourcesBuildPhase;
			buildActionMask = 2147483647;
			files = (
			);
			runOnlyForDeploymentPostprocessing = 0;
		};
		EE8D1DA02CD22F8300E96980 /* Sources */ = {
			isa = PBXSourcesBuildPhase;
			buildActionMask = 2147483647;
			files = (
			);
			runOnlyForDeploymentPostprocessing = 0;
		};
		EE8D1DAA2CD22F8300E96980 /* Sources */ = {
			isa = PBXSourcesBuildPhase;
			buildActionMask = 2147483647;
			files = (
			);
			runOnlyForDeploymentPostprocessing = 0;
		};
/* End PBXSourcesBuildPhase section */

/* Begin PBXTargetDependency section */
		EE8D1DA62CD22F8300E96980 /* PBXTargetDependency */ = {
			isa = PBXTargetDependency;
			target = EE8D1D8D2CD22F8100E96980 /* Project 10 */;
			targetProxy = EE8D1DA52CD22F8300E96980 /* PBXContainerItemProxy */;
		};
		EE8D1DB02CD22F8300E96980 /* PBXTargetDependency */ = {
			isa = PBXTargetDependency;
			target = EE8D1D8D2CD22F8100E96980 /* Project 10 */;
			targetProxy = EE8D1DAF2CD22F8300E96980 /* PBXContainerItemProxy */;
		};
/* End PBXTargetDependency section */

/* Begin XCBuildConfiguration section */
		EE8D1DB82CD22F8300E96980 /* Debug */ = {
			isa = XCBuildConfiguration;
			buildSettings = {
				ASSETCATALOG_COMPILER_APPICON_NAME = AppIcon;
				ASSETCATALOG_COMPILER_GLOBAL_ACCENT_COLOR_NAME = AccentColor;
				CODE_SIGN_STYLE = Automatic;
				CURRENT_PROJECT_VERSION = 1;
				DEVELOPMENT_TEAM = 7FPZ76U38T;
				GENERATE_INFOPLIST_FILE = YES;
				INFOPLIST_FILE = "Project 10/Info.plist";
				INFOPLIST_KEY_UIApplicationSupportsIndirectInputEvents = YES;
				INFOPLIST_KEY_UILaunchStoryboardName = LaunchScreen;
				INFOPLIST_KEY_UIMainStoryboardFile = Main;
				INFOPLIST_KEY_UISupportedInterfaceOrientations_iPad = "UIInterfaceOrientationPortrait UIInterfaceOrientationPortraitUpsideDown UIInterfaceOrientationLandscapeLeft UIInterfaceOrientationLandscapeRight";
				INFOPLIST_KEY_UISupportedInterfaceOrientations_iPhone = "UIInterfaceOrientationPortrait UIInterfaceOrientationLandscapeLeft UIInterfaceOrientationLandscapeRight";
				LD_RUNPATH_SEARCH_PATHS = (
					"$(inherited)",
					"@executable_path/Frameworks",
				);
				MARKETING_VERSION = 1.0;
				PRODUCT_BUNDLE_IDENTIFIER = "com.harshit.Project-10";
				PRODUCT_NAME = "$(TARGET_NAME)";
				SWIFT_EMIT_LOC_STRINGS = YES;
				SWIFT_VERSION = 5.0;
				TARGETED_DEVICE_FAMILY = "1,2";
			};
			name = Debug;
		};
		EE8D1DB92CD22F8300E96980 /* Release */ = {
			isa = XCBuildConfiguration;
			buildSettings = {
				ASSETCATALOG_COMPILER_APPICON_NAME = AppIcon;
				ASSETCATALOG_COMPILER_GLOBAL_ACCENT_COLOR_NAME = AccentColor;
				CODE_SIGN_STYLE = Automatic;
				CURRENT_PROJECT_VERSION = 1;
				DEVELOPMENT_TEAM = 7FPZ76U38T;
				GENERATE_INFOPLIST_FILE = YES;
				INFOPLIST_FILE = "Project 10/Info.plist";
				INFOPLIST_KEY_UIApplicationSupportsIndirectInputEvents = YES;
				INFOPLIST_KEY_UILaunchStoryboardName = LaunchScreen;
				INFOPLIST_KEY_UIMainStoryboardFile = Main;
				INFOPLIST_KEY_UISupportedInterfaceOrientations_iPad = "UIInterfaceOrientationPortrait UIInterfaceOrientationPortraitUpsideDown UIInterfaceOrientationLandscapeLeft UIInterfaceOrientationLandscapeRight";
				INFOPLIST_KEY_UISupportedInterfaceOrientations_iPhone = "UIInterfaceOrientationPortrait UIInterfaceOrientationLandscapeLeft UIInterfaceOrientationLandscapeRight";
				LD_RUNPATH_SEARCH_PATHS = (
					"$(inherited)",
					"@executable_path/Frameworks",
				);
				MARKETING_VERSION = 1.0;
				PRODUCT_BUNDLE_IDENTIFIER = "com.harshit.Project-10";
				PRODUCT_NAME = "$(TARGET_NAME)";
				SWIFT_EMIT_LOC_STRINGS = YES;
				SWIFT_VERSION = 5.0;
				TARGETED_DEVICE_FAMILY = "1,2";
			};
			name = Release;
		};
		EE8D1DBA2CD22F8300E96980 /* Debug */ = {
			isa = XCBuildConfiguration;
			buildSettings = {
				ALWAYS_SEARCH_USER_PATHS = NO;
				ASSETCATALOG_COMPILER_GENERATE_SWIFT_ASSET_SYMBOL_EXTENSIONS = YES;
				CLANG_ANALYZER_NONNULL = YES;
				CLANG_ANALYZER_NUMBER_OBJECT_CONVERSION = YES_AGGRESSIVE;
				CLANG_CXX_LANGUAGE_STANDARD = "gnu++20";
				CLANG_ENABLE_MODULES = YES;
				CLANG_ENABLE_OBJC_ARC = YES;
				CLANG_ENABLE_OBJC_WEAK = YES;
				CLANG_WARN_BLOCK_CAPTURE_AUTORELEASING = YES;
				CLANG_WARN_BOOL_CONVERSION = YES;
				CLANG_WARN_COMMA = YES;
				CLANG_WARN_CONSTANT_CONVERSION = YES;
				CLANG_WARN_DEPRECATED_OBJC_IMPLEMENTATIONS = YES;
				CLANG_WARN_DIRECT_OBJC_ISA_USAGE = YES_ERROR;
				CLANG_WARN_DOCUMENTATION_COMMENTS = YES;
				CLANG_WARN_EMPTY_BODY = YES;
				CLANG_WARN_ENUM_CONVERSION = YES;
				CLANG_WARN_INFINITE_RECURSION = YES;
				CLANG_WARN_INT_CONVERSION = YES;
				CLANG_WARN_NON_LITERAL_NULL_CONVERSION = YES;
				CLANG_WARN_OBJC_IMPLICIT_RETAIN_SELF = YES;
				CLANG_WARN_OBJC_LITERAL_CONVERSION = YES;
				CLANG_WARN_OBJC_ROOT_CLASS = YES_ERROR;
				CLANG_WARN_QUOTED_INCLUDE_IN_FRAMEWORK_HEADER = YES;
				CLANG_WARN_RANGE_LOOP_ANALYSIS = YES;
				CLANG_WARN_STRICT_PROTOTYPES = YES;
				CLANG_WARN_SUSPICIOUS_MOVE = YES;
				CLANG_WARN_UNGUARDED_AVAILABILITY = YES_AGGRESSIVE;
				CLANG_WARN_UNREACHABLE_CODE = YES;
				CLANG_WARN__DUPLICATE_METHOD_MATCH = YES;
				COPY_PHASE_STRIP = NO;
				DEBUG_INFORMATION_FORMAT = dwarf;
				ENABLE_STRICT_OBJC_MSGSEND = YES;
				ENABLE_TESTABILITY = YES;
				ENABLE_USER_SCRIPT_SANDBOXING = YES;
				GCC_C_LANGUAGE_STANDARD = gnu17;
				GCC_DYNAMIC_NO_PIC = NO;
				GCC_NO_COMMON_BLOCKS = YES;
				GCC_OPTIMIZATION_LEVEL = 0;
				GCC_PREPROCESSOR_DEFINITIONS = (
					"DEBUG=1",
					"$(inherited)",
				);
				GCC_WARN_64_TO_32_BIT_CONVERSION = YES;
				GCC_WARN_ABOUT_RETURN_TYPE = YES_ERROR;
				GCC_WARN_UNDECLARED_SELECTOR = YES;
				GCC_WARN_UNINITIALIZED_AUTOS = YES_AGGRESSIVE;
				GCC_WARN_UNUSED_FUNCTION = YES;
				GCC_WARN_UNUSED_VARIABLE = YES;
				IPHONEOS_DEPLOYMENT_TARGET = 18.1;
				LOCALIZATION_PREFERS_STRING_CATALOGS = YES;
				MTL_ENABLE_DEBUG_INFO = INCLUDE_SOURCE;
				MTL_FAST_MATH = YES;
				ONLY_ACTIVE_ARCH = YES;
				SDKROOT = iphoneos;
				SWIFT_ACTIVE_COMPILATION_CONDITIONS = "DEBUG $(inherited)";
				SWIFT_OPTIMIZATION_LEVEL = "-Onone";
			};
			name = Debug;
		};
		EE8D1DBB2CD22F8300E96980 /* Release */ = {
			isa = XCBuildConfiguration;
			buildSettings = {
				ALWAYS_SEARCH_USER_PATHS = NO;
				ASSETCATALOG_COMPILER_GENERATE_SWIFT_ASSET_SYMBOL_EXTENSIONS = YES;
				CLANG_ANALYZER_NONNULL = YES;
				CLANG_ANALYZER_NUMBER_OBJECT_CONVERSION = YES_AGGRESSIVE;
				CLANG_CXX_LANGUAGE_STANDARD = "gnu++20";
				CLANG_ENABLE_MODULES = YES;
				CLANG_ENABLE_OBJC_ARC = YES;
				CLANG_ENABLE_OBJC_WEAK = YES;
				CLANG_WARN_BLOCK_CAPTURE_AUTORELEASING = YES;
				CLANG_WARN_BOOL_CONVERSION = YES;
				CLANG_WARN_COMMA = YES;
				CLANG_WARN_CONSTANT_CONVERSION = YES;
				CLANG_WARN_DEPRECATED_OBJC_IMPLEMENTATIONS = YES;
				CLANG_WARN_DIRECT_OBJC_ISA_USAGE = YES_ERROR;
				CLANG_WARN_DOCUMENTATION_COMMENTS = YES;
				CLANG_WARN_EMPTY_BODY = YES;
				CLANG_WARN_ENUM_CONVERSION = YES;
				CLANG_WARN_INFINITE_RECURSION = YES;
				CLANG_WARN_INT_CONVERSION = YES;
				CLANG_WARN_NON_LITERAL_NULL_CONVERSION = YES;
				CLANG_WARN_OBJC_IMPLICIT_RETAIN_SELF = YES;
				CLANG_WARN_OBJC_LITERAL_CONVERSION = YES;
				CLANG_WARN_OBJC_ROOT_CLASS = YES_ERROR;
				CLANG_WARN_QUOTED_INCLUDE_IN_FRAMEWORK_HEADER = YES;
				CLANG_WARN_RANGE_LOOP_ANALYSIS = YES;
				CLANG_WARN_STRICT_PROTOTYPES = YES;
				CLANG_WARN_SUSPICIOUS_MOVE = YES;
				CLANG_WARN_UNGUARDED_AVAILABILITY = YES_AGGRESSIVE;
				CLANG_WARN_UNREACHABLE_CODE = YES;
				CLANG_WARN__DUPLICATE_METHOD_MATCH = YES;
				COPY_PHASE_STRIP = NO;
				DEBUG_INFORMATION_FORMAT = "dwarf-with-dsym";
				ENABLE_NS_ASSERTIONS = NO;
				ENABLE_STRICT_OBJC_MSGSEND = YES;
				ENABLE_USER_SCRIPT_SANDBOXING = YES;
				GCC_C_LANGUAGE_STANDARD = gnu17;
				GCC_NO_COMMON_BLOCKS = YES;
				GCC_WARN_64_TO_32_BIT_CONVERSION = YES;
				GCC_WARN_ABOUT_RETURN_TYPE = YES_ERROR;
				GCC_WARN_UNDECLARED_SELECTOR = YES;
				GCC_WARN_UNINITIALIZED_AUTOS = YES_AGGRESSIVE;
				GCC_WARN_UNUSED_FUNCTION = YES;
				GCC_WARN_UNUSED_VARIABLE = YES;
				IPHONEOS_DEPLOYMENT_TARGET = 18.1;
				LOCALIZATION_PREFERS_STRING_CATALOGS = YES;
				MTL_ENABLE_DEBUG_INFO = NO;
				MTL_FAST_MATH = YES;
				SDKROOT = iphoneos;
				SWIFT_COMPILATION_MODE = wholemodule;
				VALIDATE_PRODUCT = YES;
			};
			name = Release;
		};
		EE8D1DBD2CD22F8300E96980 /* Debug */ = {
			isa = XCBuildConfiguration;
			buildSettings = {
				BUNDLE_LOADER = "$(TEST_HOST)";
				CODE_SIGN_STYLE = Automatic;
				CURRENT_PROJECT_VERSION = 1;
				DEVELOPMENT_TEAM = 7FPZ76U38T;
				GENERATE_INFOPLIST_FILE = YES;
				IPHONEOS_DEPLOYMENT_TARGET = 18.1;
				MARKETING_VERSION = 1.0;
				PRODUCT_BUNDLE_IDENTIFIER = "com.harshit.Project-10Tests";
				PRODUCT_NAME = "$(TARGET_NAME)";
				SWIFT_EMIT_LOC_STRINGS = NO;
				SWIFT_VERSION = 5.0;
				TARGETED_DEVICE_FAMILY = "1,2";
				TEST_HOST = "$(BUILT_PRODUCTS_DIR)/Project 10.app/$(BUNDLE_EXECUTABLE_FOLDER_PATH)/Project 10";
			};
			name = Debug;
		};
		EE8D1DBE2CD22F8300E96980 /* Release */ = {
			isa = XCBuildConfiguration;
			buildSettings = {
				BUNDLE_LOADER = "$(TEST_HOST)";
				CODE_SIGN_STYLE = Automatic;
				CURRENT_PROJECT_VERSION = 1;
				DEVELOPMENT_TEAM = 7FPZ76U38T;
				GENERATE_INFOPLIST_FILE = YES;
				IPHONEOS_DEPLOYMENT_TARGET = 18.1;
				MARKETING_VERSION = 1.0;
				PRODUCT_BUNDLE_IDENTIFIER = "com.harshit.Project-10Tests";
				PRODUCT_NAME = "$(TARGET_NAME)";
				SWIFT_EMIT_LOC_STRINGS = NO;
				SWIFT_VERSION = 5.0;
				TARGETED_DEVICE_FAMILY = "1,2";
				TEST_HOST = "$(BUILT_PRODUCTS_DIR)/Project 10.app/$(BUNDLE_EXECUTABLE_FOLDER_PATH)/Project 10";
			};
			name = Release;
		};
		EE8D1DC02CD22F8300E96980 /* Debug */ = {
			isa = XCBuildConfiguration;
			buildSettings = {
				CODE_SIGN_STYLE = Automatic;
				CURRENT_PROJECT_VERSION = 1;
				DEVELOPMENT_TEAM = 7FPZ76U38T;
				GENERATE_INFOPLIST_FILE = YES;
				MARKETING_VERSION = 1.0;
				PRODUCT_BUNDLE_IDENTIFIER = "com.harshit.Project-10UITests";
				PRODUCT_NAME = "$(TARGET_NAME)";
				SWIFT_EMIT_LOC_STRINGS = NO;
				SWIFT_VERSION = 5.0;
				TARGETED_DEVICE_FAMILY = "1,2";
				TEST_TARGET_NAME = "Project 10";
			};
			name = Debug;
		};
		EE8D1DC12CD22F8300E96980 /* Release */ = {
			isa = XCBuildConfiguration;
			buildSettings = {
				CODE_SIGN_STYLE = Automatic;
				CURRENT_PROJECT_VERSION = 1;
				DEVELOPMENT_TEAM = 7FPZ76U38T;
				GENERATE_INFOPLIST_FILE = YES;
				MARKETING_VERSION = 1.0;
				PRODUCT_BUNDLE_IDENTIFIER = "com.harshit.Project-10UITests";
				PRODUCT_NAME = "$(TARGET_NAME)";
				SWIFT_EMIT_LOC_STRINGS = NO;
				SWIFT_VERSION = 5.0;
				TARGETED_DEVICE_FAMILY = "1,2";
				TEST_TARGET_NAME = "Project 10";
			};
			name = Release;
		};
/* End XCBuildConfiguration section */

/* Begin XCConfigurationList section */
		EE8D1D892CD22F8100E96980 /* Build configuration list for PBXProject "Project 10" */ = {
			isa = XCConfigurationList;
			buildConfigurations = (
				EE8D1DBA2CD22F8300E96980 /* Debug */,
				EE8D1DBB2CD22F8300E96980 /* Release */,
			);
			defaultConfigurationIsVisible = 0;
			defaultConfigurationName = Release;
		};
		EE8D1DB72CD22F8300E96980 /* Build configuration list for PBXNativeTarget "Project 10" */ = {
			isa = XCConfigurationList;
			buildConfigurations = (
				EE8D1DB82CD22F8300E96980 /* Debug */,
				EE8D1DB92CD22F8300E96980 /* Release */,
			);
			defaultConfigurationIsVisible = 0;
			defaultConfigurationName = Release;
		};
		EE8D1DBC2CD22F8300E96980 /* Build configuration list for PBXNativeTarget "Project 10Tests" */ = {
			isa = XCConfigurationList;
			buildConfigurations = (
				EE8D1DBD2CD22F8300E96980 /* Debug */,
				EE8D1DBE2CD22F8300E96980 /* Release */,
			);
			defaultConfigurationIsVisible = 0;
			defaultConfigurationName = Release;
		};
		EE8D1DBF2CD22F8300E96980 /* Build configuration list for PBXNativeTarget "Project 10UITests" */ = {
			isa = XCConfigurationList;
			buildConfigurations = (
				EE8D1DC02CD22F8300E96980 /* Debug */,
				EE8D1DC12CD22F8300E96980 /* Release */,
			);
			defaultConfigurationIsVisible = 0;
			defaultConfigurationName = Release;
		};
/* End XCConfigurationList section */
	};
	rootObject = EE8D1D862CD22F8100E96980 /* Project object */;
}
